
Microsoft Visual Studio Solution File, Format Version 12.00
# Visual Studio Version 17
VisualStudioVersion = 17.11.35222.181
MinimumVisualStudioVersion = 10.0.40219.1
Project("{FAE04EC0-301F-11D3-BF4B-00C04F79EFBC}") = "GenX.Client", "GenX.Client\GenX.Client.csproj", "{9EF2CA62-175D-4B2E-959A-77943757AF1C}"
EndProject
Project("{FAE04EC0-301F-11D3-BF4B-00C04F79EFBC}") = "GenX.Server", "GenX.Server\GenX.Server.csproj", "{1B310CEB-D648-4D83-B316-3CA1C54BC6D9}"
EndProject
Global
	GlobalSection(SolutionConfigurationPlatforms) = preSolution
		Debug|Any CPU = Debug|Any CPU
		Release|Any CPU = Release|Any CPU
	EndGlobalSection
	GlobalSection(ProjectConfigurationPlatforms) = postSolution
		{9EF2CA62-175D-4B2E-959A-77943757AF1C}.Debug|Any CPU.ActiveCfg = Debug|Any CPU
		{9EF2CA62-175D-4B2E-959A-77943757AF1C}.Debug|Any CPU.Build.0 = Debug|Any CPU
		{9EF2CA62-175D-4B2E-959A-77943757AF1C}.Release|Any CPU.ActiveCfg = Release|Any CPU
		{9EF2CA62-175D-4B2E-959A-77943757AF1C}.Release|Any CPU.Build.0 = Release|Any CPU
		{1B310CEB-D648-4D83-B316-3CA1C54BC6D9}.Debug|Any CPU.ActiveCfg = Debug|Any CPU
		{1B310CEB-D648-4D83-B316-3CA1C54BC6D9}.Debug|Any CPU.Build.0 = Debug|Any CPU
		{1B310CEB-D648-4D83-B316-3CA1C54BC6D9}.Release|Any CPU.ActiveCfg = Release|Any CPU
		{1B310CEB-D648-4D83-B316-3CA1C54BC6D9}.Release|Any CPU.Build.0 = Release|Any CPU
	EndGlobalSection
	GlobalSection(SolutionProperties) = preSolution
		HideSolutionNode = FALSE
	EndGlobalSection
	GlobalSection(ExtensibilityGlobals) = postSolution
		SolutionGuid = {D66936C4-6432-4A89-A40F-9A0EC5CD62C9}
	EndGlobalSection
EndGlobal
